<?xml version="1.0" encoding="UTF-8"?>
<CONFIG>
  <ProjectOptions>
    <Version Value="9"/>
    <PathDelim Value="\"/>
    <General>
      <MainUnit Value="0"/>
      <Title Value="HydroBuddy - an Open source nutrient calculator"/>
      <UseXPManifest Value="True"/>
      <Icon Value="0"/>
      <ActiveWindowIndexAtStart Value="0"/>
    </General>
    <VersionInfo>
      <UseVersionInfo Value="True"/>
      <MajorVersionNr Value="1"/>
      <MinorVersionNr Value="5"/>
      <StringTable ProductVersion="1.0.0.0"/>
    </VersionInfo>
    <BuildModes Count="1">
      <Item1 Name="default" Default="True"/>
    </BuildModes>
    <PublishOptions>
      <Version Value="2"/>
      <IgnoreBinaries Value="False"/>
      <IncludeFileFilter Value="*.(pas|pp|inc|lfm|lpr|lrs|lpi|lpk|sh|xml)"/>
      <ExcludeFileFilter Value="*.(bak|ppu|ppw|o|so);*~;backup"/>
    </PublishOptions>
    <RunParams>
      <local>
        <FormatVersion Value="1"/>
        <LaunchingApplication PathPlusParams="\usr\X11R6\bin\xterm -T 'Lazarus Run Output' -e $(LazarusDir)\tools\runwait.sh $(TargetCmdLine)"/>
      </local>
    </RunParams>
    <RequiredPackages Count="3">
      <Item1>
        <PackageName Value="LCLBase"/>
        <MinVersion Major="1" Release="1" Valid="True"/>
      </Item1>
      <Item2>
        <PackageName Value="TAChartLazarusPkg"/>
        <MinVersion Major="1" Valid="True"/>
      </Item2>
      <Item3>
        <PackageName Value="LCL"/>
      </Item3>
    </RequiredPackages>
    <Units Count="40">
      <Unit0>
        <Filename Value="hydrobuddy.lpr"/>
        <IsPartOfProject Value="True"/>
        <IsVisibleTab Value="True"/>
        <EditorIndex Value="5"/>
        <WindowIndex Value="1"/>
        <TopLine Value="2"/>
        <CursorPos X="18" Y="20"/>
        <UsageCount Value="200"/>
        <Loaded Value="True"/>
        <LoadedDesigner Value="True"/>
      </Unit0>
      <Unit1>
        <Filename Value="hb_main.pas"/>
        <IsPartOfProject Value="True"/>
        <ComponentName Value="Form1"/>
        <HasResources Value="True"/>
        <ResourceBaseClass Value="Form"/>
        <UnitName Value="HB_Main"/>
        <EditorIndex Value="3"/>
        <WindowIndex Value="1"/>
        <TopLine Value="246"/>
        <CursorPos X="46" Y="262"/>
        <UsageCount Value="200"/>
        <Bookmarks Count="2">
          <Item0 X="34" Y="1095" ID="0"/>
          <Item1 X="3" Y="2138" ID="1"/>
        </Bookmarks>
        <Loaded Value="True"/>
        <LoadedDesigner Value="True"/>
      </Unit1>
      <Unit2>
        <Filename Value="hb_load_salts.pas"/>
        <ComponentName Value="Form2"/>
        <HasResources Value="True"/>
        <ResourceBaseClass Value="Form"/>
        <UnitName Value="hb_load_salts"/>
        <WindowIndex Value="1"/>
        <TopLine Value="40"/>
        <CursorPos X="23" Y="60"/>
        <UsageCount Value="195"/>
      </Unit2>
      <Unit3>
        <Filename Value="hb_newcustomsalt.pas"/>
        <IsPartOfProject Value="True"/>
        <ComponentName Value="Form3"/>
        <HasResources Value="True"/>
        <ResourceBaseClass Value="Form"/>
        <UnitName Value="hb_newcustomsalt"/>
        <EditorIndex Value="6"/>
        <WindowIndex Value="1"/>
        <TopLine Value="1"/>
        <CursorPos X="40" Y="10"/>
        <UsageCount Value="200"/>
        <Loaded Value="True"/>
        <LoadedDesigner Value="True"/>
      </Unit3>
      <Unit4>
        <Filename Value="D:\lazarus\lcl\interfaces\win32\win32listsl.inc"/>
        <TopLine Value="158"/>
        <CursorPos Y="172"/>
        <UsageCount Value="89"/>
      </Unit4>
      <Unit5>
        <Filename Value="testmtx1.pas"/>
        <TopLine Value="26"/>
        <CursorPos X="24" Y="26"/>
        <UsageCount Value="10"/>
      </Unit5>
      <Unit6>
        <Filename Value="ldlt.pas"/>
        <TopLine Value="51"/>
        <CursorPos X="29" Y="66"/>
        <UsageCount Value="10"/>
      </Unit6>
      <Unit7>
        <Filename Value="densesolver.pas"/>
        <IsPartOfProject Value="True"/>
        <TopLine Value="3144"/>
        <CursorPos X="8" Y="3181"/>
        <UsageCount Value="200"/>
      </Unit7>
      <Unit8>
        <Filename Value="D:\lazarus\lcl\include\control.inc"/>
        <TopLine Value="2270"/>
        <CursorPos X="74" Y="2283"/>
        <UsageCount Value="74"/>
      </Unit8>
      <Unit9>
        <Filename Value="hb_addweight.pas"/>
        <IsPartOfProject Value="True"/>
        <ComponentName Value="Form4"/>
        <HasResources Value="True"/>
        <ResourceBaseClass Value="Form"/>
        <UnitName Value="hb_addweight"/>
        <EditorIndex Value="0"/>
        <WindowIndex Value="1"/>
        <TopLine Value="1"/>
        <CursorPos X="58" Y="6"/>
        <UsageCount Value="230"/>
        <Loaded Value="True"/>
        <LoadedDesigner Value="True"/>
      </Unit9>
      <Unit10>
        <Filename Value="hb_commercialnutrient.pas"/>
        <IsPartOfProject Value="True"/>
        <ComponentName Value="Form5"/>
        <HasResources Value="True"/>
        <ResourceBaseClass Value="Form"/>
        <UnitName Value="hb_commercialnutrient"/>
        <EditorIndex Value="11"/>
        <WindowIndex Value="1"/>
        <TopLine Value="354"/>
        <CursorPos X="26" Y="370"/>
        <UsageCount Value="224"/>
        <Loaded Value="True"/>
        <LoadedDesigner Value="True"/>
      </Unit10>
      <Unit11>
        <Filename Value="hb_waterquality.pas"/>
        <IsPartOfProject Value="True"/>
        <ComponentName Value="Form6"/>
        <ResourceBaseClass Value="Form"/>
        <UnitName Value="hb_waterquality"/>
        <EditorIndex Value="13"/>
        <WindowIndex Value="1"/>
        <TopLine Value="272"/>
        <CursorPos X="1" Y="298"/>
        <UsageCount Value="204"/>
        <Loaded Value="True"/>
      </Unit11>
      <Unit12>
        <Filename Value="hb_insprecision.pas"/>
        <IsPartOfProject Value="True"/>
        <ComponentName Value="Form7"/>
        <ResourceBaseClass Value="Form"/>
        <UnitName Value="hb_insprecision"/>
        <EditorIndex Value="15"/>
        <WindowIndex Value="1"/>
        <TopLine Value="4"/>
        <CursorPos X="42" Y="25"/>
        <UsageCount Value="202"/>
        <Loaded Value="True"/>
      </Unit12>
      <Unit13>
        <Filename Value="hb_stockanalysis.pas"/>
        <IsPartOfProject Value="True"/>
        <ComponentName Value="Form8"/>
        <ResourceBaseClass Value="Form"/>
        <UnitName Value="hb_stockanalysis"/>
        <EditorIndex Value="10"/>
        <WindowIndex Value="1"/>
        <TopLine Value="3"/>
        <CursorPos X="45" Y="19"/>
        <UsageCount Value="200"/>
        <Loaded Value="True"/>
      </Unit13>
      <Unit14>
        <Filename Value="hb_persubstance.pas"/>
        <IsPartOfProject Value="True"/>
        <ComponentName Value="Form9"/>
        <HasResources Value="True"/>
        <ResourceBaseClass Value="Form"/>
        <UnitName Value="hb_persubstance"/>
        <WindowIndex Value="1"/>
        <TopLine Value="8"/>
        <CursorPos X="32" Y="23"/>
        <UsageCount Value="216"/>
      </Unit14>
      <Unit15>
        <Filename Value="hb_datasetname.pas"/>
        <IsPartOfProject Value="True"/>
        <ComponentName Value="Form10"/>
        <ResourceBaseClass Value="Form"/>
        <UnitName Value="hb_datasetname"/>
        <EditorIndex Value="1"/>
        <WindowIndex Value="1"/>
        <TopLine Value="1"/>
        <CursorPos X="20" Y="1"/>
        <UsageCount Value="209"/>
        <Loaded Value="True"/>
      </Unit15>
      <Unit16>
        <Filename Value="hb_analysis.pas"/>
        <IsPartOfProject Value="True"/>
        <ComponentName Value="Form11"/>
        <ResourceBaseClass Value="Form"/>
        <UnitName Value="hb_analysis"/>
        <EditorIndex Value="9"/>
        <WindowIndex Value="1"/>
        <TopLine Value="4"/>
        <CursorPos X="71" Y="40"/>
        <UsageCount Value="200"/>
        <Loaded Value="True"/>
      </Unit16>
      <Unit17>
        <Filename Value="D:\lazarus\components\codetools\definetemplates.pas"/>
        <UnitName Value="DefineTemplates"/>
        <TopLine Value="1054"/>
        <CursorPos X="9" Y="1071"/>
        <UsageCount Value="86"/>
      </Unit17>
      <Unit18>
        <Filename Value="descriptivestatistics.pas"/>
        <UnitName Value="descriptivestatistics"/>
        <EditorIndex Value="8"/>
        <WindowIndex Value="1"/>
        <TopLine Value="134"/>
        <CursorPos X="24" Y="160"/>
        <UsageCount Value="100"/>
        <Loaded Value="True"/>
      </Unit18>
      <Unit19>
        <Filename Value="D:\lazarus\lcl\include\customcombobox.inc"/>
        <TopLine Value="181"/>
        <CursorPos Y="214"/>
        <UsageCount Value="83"/>
      </Unit19>
      <Unit20>
        <Filename Value="D:\lazarus\lcl\include\buttoncontrol.inc"/>
        <TopLine Value="44"/>
        <CursorPos X="11" Y="51"/>
        <UsageCount Value="74"/>
      </Unit20>
      <Unit21>
        <Filename Value="hb_freedom.pas"/>
        <IsPartOfProject Value="True"/>
        <ComponentName Value="Form12"/>
        <ResourceBaseClass Value="Form"/>
        <UnitName Value="hb_freedom"/>
        <EditorIndex Value="7"/>
        <WindowIndex Value="1"/>
        <TopLine Value="4"/>
        <CursorPos X="15" Y="30"/>
        <UsageCount Value="204"/>
        <Loaded Value="True"/>
      </Unit21>
      <Unit22>
        <Filename Value="ping.pas"/>
        <IsPartOfProject Value="True"/>
        <UnitName Value="Ping"/>
        <TopLine Value="53"/>
        <CursorPos X="26" Y="72"/>
        <UsageCount Value="202"/>
      </Unit22>
      <Unit23>
        <Filename Value="pingsend.pas"/>
        <UnitName Value="pingsend"/>
        <EditorIndex Value="12"/>
        <WindowIndex Value="1"/>
        <TopLine Value="1"/>
        <CursorPos X="1" Y="1"/>
        <UsageCount Value="100"/>
        <Loaded Value="True"/>
      </Unit23>
      <Unit24>
        <Filename Value="D:\lazarus\fpc\2.4.3\source\packages\fcl-db\src\base\db.pas"/>
        <TopLine Value="370"/>
        <CursorPos X="14" Y="389"/>
        <UsageCount Value="67"/>
      </Unit24>
      <Unit25>
        <Filename Value="hb_ph.pas"/>
        <IsPartOfProject Value="True"/>
        <ComponentName Value="Form13"/>
        <ResourceBaseClass Value="Form"/>
        <UnitName Value="hb_ph"/>
        <EditorIndex Value="14"/>
        <WindowIndex Value="1"/>
        <TopLine Value="50"/>
        <CursorPos X="26" Y="72"/>
        <UsageCount Value="231"/>
        <Loaded Value="True"/>
      </Unit25>
      <Unit26>
        <Filename Value="hb_ratios.pas"/>
        <IsPartOfProject Value="True"/>
        <ComponentName Value="Form14"/>
        <ResourceBaseClass Value="Form"/>
        <UnitName Value="hb_ratios"/>
        <EditorIndex Value="2"/>
        <WindowIndex Value="1"/>
        <TopLine Value="21"/>
        <CursorPos X="46" Y="59"/>
        <UsageCount Value="229"/>
        <Loaded Value="True"/>
      </Unit26>
      <Unit27>
        <Filename Value="D:\lazarus\lcl\grids.pas"/>
        <UnitName Value="Grids"/>
        <TopLine Value="8144"/>
        <CursorPos Y="8231"/>
        <UsageCount Value="18"/>
      </Unit27>
      <Unit28>
        <Filename Value="D:\lazarus\components\tachart\tatypes.pas"/>
        <UnitName Value="TATypes"/>
        <TopLine Value="536"/>
        <CursorPos Y="553"/>
        <UsageCount Value="15"/>
      </Unit28>
      <Unit29>
        <Filename Value="D:\lazarus\lcl\lclproc.pas"/>
        <UnitName Value="LCLProc"/>
        <TopLine Value="1533"/>
        <CursorPos Y="1544"/>
        <UsageCount Value="10"/>
      </Unit29>
      <Unit30>
        <Filename Value="hb_comparison.pas"/>
        <IsPartOfProject Value="True"/>
        <ComponentName Value="Form15"/>
        <ResourceBaseClass Value="Form"/>
        <TopLine Value="24"/>
        <CursorPos X="28" Y="41"/>
        <UsageCount Value="170"/>
      </Unit30>
      <Unit31>
        <Filename Value="synaser.pas"/>
        <UnitName Value="synaser"/>
        <EditorIndex Value="4"/>
        <WindowIndex Value="1"/>
        <TopLine Value="916"/>
        <CursorPos X="12" Y="931"/>
        <UsageCount Value="64"/>
        <Loaded Value="True"/>
      </Unit31>
      <Unit32>
        <Filename Value="..\..\..\..\Developer\lazarus\lcl\include\customcheckbox.inc"/>
        <WindowIndex Value="1"/>
        <TopLine Value="106"/>
        <CursorPos Y="133"/>
        <UsageCount Value="10"/>
      </Unit32>
      <Unit33>
        <Filename Value="..\..\..\..\usr\lib\lazarus\1.2.4\lcl\include\control.inc"/>
        <WindowIndex Value="1"/>
        <TopLine Value="2078"/>
        <CursorPos X="1" Y="2100"/>
        <UsageCount Value="10"/>
      </Unit33>
      <Unit34>
        <Filename Value="..\..\..\..\usr\lib\lazarus\1.2.4\lcl\include\buttoncontrol.inc"/>
        <WindowIndex Value="1"/>
        <TopLine Value="1"/>
        <CursorPos X="1" Y="21"/>
        <UsageCount Value="10"/>
      </Unit34>
      <Unit35>
        <Filename Value="..\..\..\..\usr\lib\lazarus\1.2.4\lcl\include\buttons.inc"/>
        <WindowIndex Value="1"/>
        <TopLine Value="146"/>
        <CursorPos X="1" Y="170"/>
        <UsageCount Value="10"/>
      </Unit35>
      <Unit36>
        <Filename Value="..\..\..\..\usr\lib\lazarus\1.2.4\lcl\include\bitbtn.inc"/>
        <WindowIndex Value="1"/>
        <TopLine Value="41"/>
        <CursorPos X="1" Y="65"/>
        <UsageCount Value="10"/>
      </Unit36>
      <Unit37>
        <Filename Value="..\..\..\..\usr\lib\lazarus\1.2.4\lcl\include\wincontrol.inc"/>
        <WindowIndex Value="1"/>
        <TopLine Value="5304"/>
        <CursorPos X="1" Y="5327"/>
        <UsageCount Value="10"/>
      </Unit37>
      <Unit38>
        <Filename Value="..\..\..\..\usr\lib\lazarus\1.2.4\lcl\lclmessageglue.pas"/>
        <UnitName Value="LCLMessageGlue"/>
        <WindowIndex Value="1"/>
        <TopLine Value="1"/>
        <CursorPos X="1" Y="123"/>
        <UsageCount Value="10"/>
      </Unit38>
      <Unit39>
        <Filename Value="..\..\..\..\usr\lib\lazarus\1.2.4\lcl\interfaces\gtk2\gtk2wsstdctrls.pp"/>
        <UnitName Value="Gtk2WSStdCtrls"/>
        <WindowIndex Value="1"/>
        <TopLine Value="2412"/>
        <CursorPos X="1" Y="2436"/>
        <UsageCount Value="10"/>
      </Unit39>
    </Units>
    <JumpHistory Count="30" HistoryIndex="29">
      <Position1>
        <Filename Value="hb_main.pas"/>
        <Caret Line="3240" Column="28" TopLine="3221"/>
      </Position1>
      <Position2>
        <Filename Value="hb_main.pas"/>
        <Caret Line="2938" Column="1" TopLine="2919"/>
      </Position2>
      <Position3>
        <Filename Value="hb_main.pas"/>
        <Caret Line="751" Column="37" TopLine="751"/>
      </Position3>
      <Position4>
        <Filename Value="hb_main.pas"/>
        <Caret Line="4379" Column="3" TopLine="4377"/>
      </Position4>
      <Position5>
        <Filename Value="hb_main.pas"/>
        <Caret Line="3675" Column="16" TopLine="3641"/>
      </Position5>
      <Position6>
        <Filename Value="hb_main.pas"/>
        <Caret Line="3677" Column="15" TopLine="3640"/>
      </Position6>
      <Position7>
        <Filename Value="hb_main.pas"/>
        <Caret Line="3546" Column="3" TopLine="3539"/>
      </Position7>
      <Position8>
        <Filename Value="hb_main.pas"/>
        <Caret Line="861" Column="3" TopLine="859"/>
      </Position8>
      <Position9>
        <Filename Value="hb_main.pas"/>
        <Caret Line="3506" Column="3" TopLine="3500"/>
      </Position9>
      <Position10>
        <Filename Value="hb_main.pas"/>
        <Caret Line="3546" Column="3" TopLine="3540"/>
      </Position10>
      <Position11>
        <Filename Value="hb_main.pas"/>
        <Caret Line="3642" Column="3" TopLine="3636"/>
      </Position11>
      <Position12>
        <Filename Value="hb_main.pas"/>
        <Caret Line="10" Column="3" TopLine="1"/>
      </Position12>
      <Position13>
        <Filename Value="hb_main.pas"/>
        <Caret Line="4717" Column="1" TopLine="4714"/>
      </Position13>
      <Position14>
        <Filename Value="hb_main.pas"/>
        <Caret Line="2411" Column="47" TopLine="2396"/>
      </Position14>
      <Position15>
        <Filename Value="hb_main.pas"/>
        <Caret Line="2438" Column="28" TopLine="2406"/>
      </Position15>
      <Position16>
        <Filename Value="hb_main.pas"/>
        <Caret Line="2596" Column="1" TopLine="2565"/>
      </Position16>
      <Position17>
        <Filename Value="hb_main.pas"/>
        <Caret Line="2658" Column="38" TopLine="2623"/>
      </Position17>
      <Position18>
        <Filename Value="hb_main.pas"/>
        <Caret Line="2813" Column="50" TopLine="2787"/>
      </Position18>
      <Position19>
        <Filename Value="hb_main.pas"/>
        <Caret Line="2999" Column="52" TopLine="2972"/>
      </Position19>
      <Position20>
        <Filename Value="hb_main.pas"/>
        <Caret Line="3496" Column="31" TopLine="3477"/>
      </Position20>
      <Position21>
        <Filename Value="hb_main.pas"/>
        <Caret Line="266" Column="1" TopLine="248"/>
      </Position21>
      <Position22>
        <Filename Value="hydrobuddy.lpr"/>
        <Caret Line="426" Column="44" TopLine="391"/>
      </Position22>
      <Position23>
        <Filename Value="hydrobuddy.lpr"/>
        <Caret Line="486" Column="1" TopLine="473"/>
      </Position23>
      <Position24>
        <Filename Value="hydrobuddy.lpr"/>
        <Caret Line="20" Column="18" TopLine="2"/>
      </Position24>
      <Position25>
        <Filename Value="hydrobuddy.lpr"/>
        <Caret Line="317" Column="11" TopLine="299"/>
      </Position25>
      <Position26>
        <Filename Value="hydrobuddy.lpr"/>
        <Caret Line="26" Column="51" TopLine="2"/>
      </Position26>
      <Position27>
        <Filename Value="hb_main.pas"/>
        <Caret Line="263" Column="46" TopLine="247"/>
      </Position27>
      <Position28>
        <Filename Value="hb_main.pas"/>
        <Caret Line="262" Column="46" TopLine="246"/>
      </Position28>
      <Position29>
        <Filename Value="hydrobuddy.lpr"/>
        <Caret Line="304" Column="1" TopLine="287"/>
      </Position29>
      <Position30>
        <Filename Value="hydrobuddy.lpr"/>
        <Caret Line="20" Column="18" TopLine="2"/>
      </Position30>
    </JumpHistory>
  </ProjectOptions>
  <CompilerOptions>
    <Version Value="11"/>
    <PathDelim Value="\"/>
    <SearchPaths>
      <IncludeFiles Value="$(ProjOutDir)"/>
    </SearchPaths>
    <Parsing>
      <SyntaxOptions>
        <UseAnsiStrings Value="False"/>
      </SyntaxOptions>
    </Parsing>
    <Linking>
      <Options>
        <Win32>
          <GraphicApplication Value="True"/>
        </Win32>
      </Options>
    </Linking>
    <Other>
      <CompilerPath Value="$(CompPath)"/>
    </Other>
  </CompilerOptions>
  <Debugging>
    <BreakPoints Count="12">
      <Item1>
        <Kind Value="bpkSource"/>
        <WatchScope Value="wpsLocal"/>
        <WatchKind Value="wpkWrite"/>
        <Source Value="hb_main.pas"/>
        <Line Value="675"/>
      </Item1>
      <Item2>
        <Kind Value="bpkSource"/>
        <WatchScope Value="wpsLocal"/>
        <WatchKind Value="wpkWrite"/>
        <Source Value="hb_main.pas"/>
        <Line Value="610"/>
      </Item2>
      <Item3>
        <Kind Value="bpkSource"/>
        <WatchScope Value="wpsLocal"/>
        <WatchKind Value="wpkWrite"/>
        <Source Value="hb_main.pas"/>
        <Line Value="1122"/>
      </Item3>
      <Item4>
        <Kind Value="bpkSource"/>
        <WatchScope Value="wpsLocal"/>
        <WatchKind Value="wpkWrite"/>
        <Source Value="hb_main.pas"/>
        <Line Value="1427"/>
      </Item4>
      <Item5>
        <Kind Value="bpkSource"/>
        <WatchScope Value="wpsLocal"/>
        <WatchKind Value="wpkWrite"/>
        <Source Value="hb_main.pas"/>
        <Line Value="3286"/>
      </Item5>
      <Item6>
        <Kind Value="bpkSource"/>
        <WatchScope Value="wpsLocal"/>
        <WatchKind Value="wpkWrite"/>
        <Source Value="hb_load_salts.pas"/>
        <Line Value="135"/>
      </Item6>
      <Item7>
        <Kind Value="bpkSource"/>
        <WatchScope Value="wpsLocal"/>
        <WatchKind Value="wpkWrite"/>
        <Source Value="hb_main.pas"/>
        <Line Value="3543"/>
      </Item7>
      <Item8>
        <Kind Value="bpkSource"/>
        <WatchScope Value="wpsLocal"/>
        <WatchKind Value="wpkWrite"/>
        <Source Value="hb_main.pas"/>
        <Line Value="3503"/>
      </Item8>
      <Item9>
        <Kind Value="bpkSource"/>
        <WatchScope Value="wpsLocal"/>
        <WatchKind Value="wpkWrite"/>
        <Source Value="hb_main.pas"/>
        <Line Value="860"/>
      </Item9>
      <Item10>
        <Kind Value="bpkSource"/>
        <WatchScope Value="wpsLocal"/>
        <WatchKind Value="wpkWrite"/>
        <Source Value="hb_main.pas"/>
        <Line Value="3555"/>
      </Item10>
      <Item11>
        <Kind Value="bpkSource"/>
        <WatchScope Value="wpsLocal"/>
        <WatchKind Value="wpkWrite"/>
        <Source Value="hb_main.pas"/>
        <Line Value="3590"/>
      </Item11>
      <Item12>
        <Kind Value="bpkSource"/>
        <WatchScope Value="wpsLocal"/>
        <WatchKind Value="wpkWrite"/>
        <Source Value="hb_main.pas"/>
        <Line Value="473"/>
      </Item12>
    </BreakPoints>
    <Watches Count="3">
      <Item1>
        <Expression Value="all_element_names"/>
      </Item1>
      <Item2 RepeatCount="15">
        <Expression Value="all_element_names"/>
      </Item2>
      <Item3 RepeatCount="30">
        <Expression Value="all_element_names"/>
      </Item3>
    </Watches>
    <Exceptions Count="3">
      <Item1>
        <Name Value="EAbort"/>
      </Item1>
      <Item2>
        <Name Value="ECodetoolError"/>
      </Item2>
      <Item3>
        <Name Value="EFOpenError"/>
      </Item3>
    </Exceptions>
  </Debugging>
  <EditorMacros Count="0"/>
</CONFIG>